#
# This file is autogenerated by pip-compile with Python 3.10
# by the following command:
#
#    pip-compile --extra=dev --output-file=requirements-dev.lock --strip-extras pyproject.toml
#
ast-serialize==0.3.0
    # via mypy
coverage==7.14.0
    # via pytest-cov
exceptiongroup==1.3.1
    # via pytest
iniconfig==2.3.0
    # via pytest
librt==0.11.0
    # via mypy
mypy==2.0.0
    # via quire (pyproject.toml)
mypy-extensions==1.1.0
    # via mypy
packaging==26.2
    # via pytest
pathspec==1.1.1
    # via mypy
pillow==12.2.0
    # via quire (pyproject.toml)
pluggy==1.6.0
    # via
    #   pytest
    #   pytest-cov
pygments==2.20.0
    # via pytest
pymupdf==1.27.2.3
    # via quire (pyproject.toml)
pyspellchecker==0.9.0
    # via quire (pyproject.toml)
pytest==9.0.3
    # via
    #   pytest-cov
    #   quire (pyproject.toml)
pytest-cov==7.1.0
    # via quire (pyproject.toml)
ruff==0.15.12
    # via quire (pyproject.toml)
tomli==2.4.1 ; python_version < "3.11"
    # via
    #   coverage
    #   mypy
    #   pytest
    #   quire (pyproject.toml)
typing-extensions==4.15.0
    # via
    #   exceptiongroup
    #   mypy
