#
# This file is autogenerated by pip-compile with Python 3.10
# by the following command:
#
#    pip-compile --output-file=requirements.lock --strip-extras pyproject.toml
#
pillow==12.2.0
    # via quire (pyproject.toml)
pymupdf==1.27.2.3
    # via quire (pyproject.toml)
pyspellchecker==0.9.0
    # via quire (pyproject.toml)
tomli==2.4.1 ; python_version < "3.11"
    # via quire (pyproject.toml)
